
Microsoft Visual Studio Solution File, Format Version 12.00
# Visual Studio Version 17
VisualStudioVersion = 17.11.35222.181
MinimumVisualStudioVersion = 10.0.40219.1
Project("{8BC9CEB8-8B4A-11D0-8D11-00A0C91BC942}") = "11.3 ЦЕЙ", "11.3 ЦЕЙ\11.3 ЦЕЙ.vcxproj", "{9C7C45EA-E1E0-40AF-B765-3FBF5F53E747}"
EndProject
Project("{8BC9CEB8-8B4A-11D0-8D11-00A0C91BC942}") = "UnitTest1", "UnitTest1\UnitTest1.vcxproj", "{088AAC6E-127B-459C-B44A-BF9AEC4BC17A}"
EndProject
Global
	GlobalSection(SolutionConfigurationPlatforms) = preSolution
		Debug|x64 = Debug|x64
		Debug|x86 = Debug|x86
		Release|x64 = Release|x64
		Release|x86 = Release|x86
	EndGlobalSection
	GlobalSection(ProjectConfigurationPlatforms) = postSolution
		{9C7C45EA-E1E0-40AF-B765-3FBF5F53E747}.Debug|x64.ActiveCfg = Debug|x64
		{9C7C45EA-E1E0-40AF-B765-3FBF5F53E747}.Debug|x64.Build.0 = Debug|x64
		{9C7C45EA-E1E0-40AF-B765-3FBF5F53E747}.Debug|x86.ActiveCfg = Debug|Win32
		{9C7C45EA-E1E0-40AF-B765-3FBF5F53E747}.Debug|x86.Build.0 = Debug|Win32
		{9C7C45EA-E1E0-40AF-B765-3FBF5F53E747}.Release|x64.ActiveCfg = Release|x64
		{9C7C45EA-E1E0-40AF-B765-3FBF5F53E747}.Release|x64.Build.0 = Release|x64
		{9C7C45EA-E1E0-40AF-B765-3FBF5F53E747}.Release|x86.ActiveCfg = Release|Win32
		{9C7C45EA-E1E0-40AF-B765-3FBF5F53E747}.Release|x86.Build.0 = Release|Win32
		{088AAC6E-127B-459C-B44A-BF9AEC4BC17A}.Debug|x64.ActiveCfg = Debug|x64
		{088AAC6E-127B-459C-B44A-BF9AEC4BC17A}.Debug|x64.Build.0 = Debug|x64
		{088AAC6E-127B-459C-B44A-BF9AEC4BC17A}.Debug|x86.ActiveCfg = Debug|Win32
		{088AAC6E-127B-459C-B44A-BF9AEC4BC17A}.Debug|x86.Build.0 = Debug|Win32
		{088AAC6E-127B-459C-B44A-BF9AEC4BC17A}.Release|x64.ActiveCfg = Release|x64
		{088AAC6E-127B-459C-B44A-BF9AEC4BC17A}.Release|x64.Build.0 = Release|x64
		{088AAC6E-127B-459C-B44A-BF9AEC4BC17A}.Release|x86.ActiveCfg = Release|Win32
		{088AAC6E-127B-459C-B44A-BF9AEC4BC17A}.Release|x86.Build.0 = Release|Win32
	EndGlobalSection
	GlobalSection(SolutionProperties) = preSolution
		HideSolutionNode = FALSE
	EndGlobalSection
	GlobalSection(ExtensibilityGlobals) = postSolution
		SolutionGuid = {886826BD-EF72-40FD-B7F6-E4C05833A007}
	EndGlobalSection
EndGlobal
